
Microsoft Visual Studio Solution File, Format Version 12.00
# Visual Studio Version 17
VisualStudioVersion = 17.1.32210.238
MinimumVisualStudioVersion = 10.0.40219.1
Project("{FAE04EC0-301F-11D3-BF4B-00C04F79EFBC}") = "CPE4020Final-dotNetServer", "CPE4020Final-dotNetServer\CPE4020Final-dotNetServer.csproj", "{EDB209E1-EB68-4DE3-AE17-57C5640965D8}"
EndProject
Global
	GlobalSection(SolutionConfigurationPlatforms) = preSolution
		Debug|Any CPU = Debug|Any CPU
		Release|Any CPU = Release|Any CPU
	EndGlobalSection
	GlobalSection(ProjectConfigurationPlatforms) = postSolution
		{EDB209E1-EB68-4DE3-AE17-57C5640965D8}.Debug|Any CPU.ActiveCfg = Debug|Any CPU
		{EDB209E1-EB68-4DE3-AE17-57C5640965D8}.Debug|Any CPU.Build.0 = Debug|Any CPU
		{EDB209E1-EB68-4DE3-AE17-57C5640965D8}.Release|Any CPU.ActiveCfg = Release|Any CPU
		{EDB209E1-EB68-4DE3-AE17-57C5640965D8}.Release|Any CPU.Build.0 = Release|Any CPU
	EndGlobalSection
	GlobalSection(SolutionProperties) = preSolution
		HideSolutionNode = FALSE
	EndGlobalSection
	GlobalSection(ExtensibilityGlobals) = postSolution
		SolutionGuid = {E564AF9F-5094-49BA-A541-4CD45AB98485}
	EndGlobalSection
EndGlobal
